{
  "name": "teia-player",
  "version": "0.2.1",
  "lockfileVersion": 3,
  "requires": true,
  "packages": {
    "": {
      "name": "teia-player",
      "version": "0.2.1",
      "dependencies": {
        "@pauloricca/teia-runtime": "file:vendor/pauloricca-teia-runtime-0.2.2.tgz"
      }
    },
    "node_modules/@pauloricca/teia-runtime": {
      "version": "0.2.2",
      "resolved": "file:vendor/pauloricca-teia-runtime-0.2.2.tgz",
      "integrity": "sha512-vy3TNWehpaaJrz4T8CE55EQ4iwphoscqkqtapoIDJC9p1I2A5AwXPyL/Xt4ZzFxmoMironsZJwP1e2v6ZXy7fg==",
      "license": "UNLICENSED"
    }
  }
}
